
Microsoft Visual Studio Solution File, Format Version 12.00
# Visual Studio 15
VisualStudioVersion = 15.0.34031.82
MinimumVisualStudioVersion = 10.0.40219.1
Project("{FAE04EC0-301F-11D3-BF4B-00C04F79EFBC}") = "RestTestTool", "RestTestTool\RestTestTool.csproj", "{40B6B9E2-72F1-44F8-8557-F0EDAC1385B4}"
EndProject
Global
	GlobalSection(SolutionConfigurationPlatforms) = preSolution
		Debug|Any CPU = Debug|Any CPU
		Release|Any CPU = Release|Any CPU
	EndGlobalSection
	GlobalSection(ProjectConfigurationPlatforms) = postSolution
		{40B6B9E2-72F1-44F8-8557-F0EDAC1385B4}.Debug|Any CPU.ActiveCfg = Debug|Any CPU
		{40B6B9E2-72F1-44F8-8557-F0EDAC1385B4}.Debug|Any CPU.Build.0 = Debug|Any CPU
		{40B6B9E2-72F1-44F8-8557-F0EDAC1385B4}.Release|Any CPU.ActiveCfg = Release|Any CPU
		{40B6B9E2-72F1-44F8-8557-F0EDAC1385B4}.Release|Any CPU.Build.0 = Release|Any CPU
	EndGlobalSection
	GlobalSection(SolutionProperties) = preSolution
		HideSolutionNode = FALSE
	EndGlobalSection
	GlobalSection(ExtensibilityGlobals) = postSolution
		SolutionGuid = {4C2F1DC4-2FEE-444B-B077-A85299AA73FE}
	EndGlobalSection
EndGlobal
